
Microsoft Visual Studio Solution File, Format Version 12.00
# Visual Studio Version 16
VisualStudioVersion = 16.0.31515.178
MinimumVisualStudioVersion = 10.0.40219.1
Project("{FAE04EC0-301F-11D3-BF4B-00C04F79EFBC}") = "ekz5", "ekz5\ekz5.csproj", "{DB3CF0D0-EDD5-4F2E-A29F-8233B83BE14B}"
EndProject
Global
	GlobalSection(SolutionConfigurationPlatforms) = preSolution
		Debug|Any CPU = Debug|Any CPU
		Release|Any CPU = Release|Any CPU
	EndGlobalSection
	GlobalSection(ProjectConfigurationPlatforms) = postSolution
		{DB3CF0D0-EDD5-4F2E-A29F-8233B83BE14B}.Debug|Any CPU.ActiveCfg = Debug|Any CPU
		{DB3CF0D0-EDD5-4F2E-A29F-8233B83BE14B}.Debug|Any CPU.Build.0 = Debug|Any CPU
		{DB3CF0D0-EDD5-4F2E-A29F-8233B83BE14B}.Release|Any CPU.ActiveCfg = Release|Any CPU
		{DB3CF0D0-EDD5-4F2E-A29F-8233B83BE14B}.Release|Any CPU.Build.0 = Release|Any CPU
	EndGlobalSection
	GlobalSection(SolutionProperties) = preSolution
		HideSolutionNode = FALSE
	EndGlobalSection
	GlobalSection(ExtensibilityGlobals) = postSolution
		SolutionGuid = {17B0A0E5-FD4F-4A18-8E6D-BB2C64E935D0}
	EndGlobalSection
EndGlobal
