
Microsoft Visual Studio Solution File, Format Version 12.00
# Visual Studio Version 16
VisualStudioVersion = 16.0.31515.178
MinimumVisualStudioVersion = 10.0.40219.1
Project("{FAE04EC0-301F-11D3-BF4B-00C04F79EFBC}") = "ekz6", "ekz6\ekz6.csproj", "{F44A2E2D-2D11-4159-B0D7-C920589147FB}"
EndProject
Global
	GlobalSection(SolutionConfigurationPlatforms) = preSolution
		Debug|Any CPU = Debug|Any CPU
		Release|Any CPU = Release|Any CPU
	EndGlobalSection
	GlobalSection(ProjectConfigurationPlatforms) = postSolution
		{F44A2E2D-2D11-4159-B0D7-C920589147FB}.Debug|Any CPU.ActiveCfg = Debug|Any CPU
		{F44A2E2D-2D11-4159-B0D7-C920589147FB}.Debug|Any CPU.Build.0 = Debug|Any CPU
		{F44A2E2D-2D11-4159-B0D7-C920589147FB}.Release|Any CPU.ActiveCfg = Release|Any CPU
		{F44A2E2D-2D11-4159-B0D7-C920589147FB}.Release|Any CPU.Build.0 = Release|Any CPU
	EndGlobalSection
	GlobalSection(SolutionProperties) = preSolution
		HideSolutionNode = FALSE
	EndGlobalSection
	GlobalSection(ExtensibilityGlobals) = postSolution
		SolutionGuid = {746D4E7C-37D5-40B3-9EB6-0D3083CBAE75}
	EndGlobalSection
EndGlobal
